
Microsoft Visual Studio Solution File, Format Version 12.00
# Visual Studio Version 17
VisualStudioVersion = 17.11.35208.52
MinimumVisualStudioVersion = 10.0.40219.1
Project("{FAE04EC0-301F-11D3-BF4B-00C04F79EFBC}") = "APICatalogo", "APICatalago\APICatalogo.csproj", "{3962C2A7-DC71-4CC7-9040-2CEF1BD53625}"
EndProject
Project("{FAE04EC0-301F-11D3-BF4B-00C04F79EFBC}") = "ApiCatalogoxUnitTests", "ApiCatalagoxUnitTests\ApiCatalogoxUnitTests.csproj", "{859DCF08-767F-43FE-8D5D-6DEF663B07D1}"
EndProject
Global
	GlobalSection(SolutionConfigurationPlatforms) = preSolution
		Debug|Any CPU = Debug|Any CPU
		Release|Any CPU = Release|Any CPU
	EndGlobalSection
	GlobalSection(ProjectConfigurationPlatforms) = postSolution
		{3962C2A7-DC71-4CC7-9040-2CEF1BD53625}.Debug|Any CPU.ActiveCfg = Debug|Any CPU
		{3962C2A7-DC71-4CC7-9040-2CEF1BD53625}.Debug|Any CPU.Build.0 = Debug|Any CPU
		{3962C2A7-DC71-4CC7-9040-2CEF1BD53625}.Release|Any CPU.ActiveCfg = Release|Any CPU
		{3962C2A7-DC71-4CC7-9040-2CEF1BD53625}.Release|Any CPU.Build.0 = Release|Any CPU
		{859DCF08-767F-43FE-8D5D-6DEF663B07D1}.Debug|Any CPU.ActiveCfg = Debug|Any CPU
		{859DCF08-767F-43FE-8D5D-6DEF663B07D1}.Debug|Any CPU.Build.0 = Debug|Any CPU
		{859DCF08-767F-43FE-8D5D-6DEF663B07D1}.Release|Any CPU.ActiveCfg = Release|Any CPU
		{859DCF08-767F-43FE-8D5D-6DEF663B07D1}.Release|Any CPU.Build.0 = Release|Any CPU
	EndGlobalSection
	GlobalSection(SolutionProperties) = preSolution
		HideSolutionNode = FALSE
	EndGlobalSection
	GlobalSection(ExtensibilityGlobals) = postSolution
		SolutionGuid = {C13DCC14-0CFA-4417-A288-19EBC2B19500}
	EndGlobalSection
EndGlobal
